
Microsoft Visual Studio Solution File, Format Version 12.00
# Visual Studio Version 16
VisualStudioVersion = 16.0.35229.62
MinimumVisualStudioVersion = 10.0.40219.1
Project("{8BC9CEB8-8B4A-11D0-8D11-00A0C91BC942}") = "Lab_7.2 rec", "Lab_7.2 rec\Lab_7.2 rec.vcxproj", "{B1F0408E-7E7A-40F3-8961-51A1286577C4}"
EndProject
Project("{8BC9CEB8-8B4A-11D0-8D11-00A0C91BC942}") = "UnitTest_Lab_7.2 rec", "UnitTest_Lab_7.2 rec\UnitTest_Lab_7.2 rec.vcxproj", "{0D1B86C9-1C27-4C7C-B393-06C281B784EC}"
EndProject
Global
	GlobalSection(SolutionConfigurationPlatforms) = preSolution
		Debug|x64 = Debug|x64
		Debug|x86 = Debug|x86
		Release|x64 = Release|x64
		Release|x86 = Release|x86
	EndGlobalSection
	GlobalSection(ProjectConfigurationPlatforms) = postSolution
		{B1F0408E-7E7A-40F3-8961-51A1286577C4}.Debug|x64.ActiveCfg = Debug|x64
		{B1F0408E-7E7A-40F3-8961-51A1286577C4}.Debug|x64.Build.0 = Debug|x64
		{B1F0408E-7E7A-40F3-8961-51A1286577C4}.Debug|x86.ActiveCfg = Debug|Win32
		{B1F0408E-7E7A-40F3-8961-51A1286577C4}.Debug|x86.Build.0 = Debug|Win32
		{B1F0408E-7E7A-40F3-8961-51A1286577C4}.Release|x64.ActiveCfg = Release|x64
		{B1F0408E-7E7A-40F3-8961-51A1286577C4}.Release|x64.Build.0 = Release|x64
		{B1F0408E-7E7A-40F3-8961-51A1286577C4}.Release|x86.ActiveCfg = Release|Win32
		{B1F0408E-7E7A-40F3-8961-51A1286577C4}.Release|x86.Build.0 = Release|Win32
		{0D1B86C9-1C27-4C7C-B393-06C281B784EC}.Debug|x64.ActiveCfg = Debug|x64
		{0D1B86C9-1C27-4C7C-B393-06C281B784EC}.Debug|x64.Build.0 = Debug|x64
		{0D1B86C9-1C27-4C7C-B393-06C281B784EC}.Debug|x86.ActiveCfg = Debug|Win32
		{0D1B86C9-1C27-4C7C-B393-06C281B784EC}.Debug|x86.Build.0 = Debug|Win32
		{0D1B86C9-1C27-4C7C-B393-06C281B784EC}.Release|x64.ActiveCfg = Release|x64
		{0D1B86C9-1C27-4C7C-B393-06C281B784EC}.Release|x64.Build.0 = Release|x64
		{0D1B86C9-1C27-4C7C-B393-06C281B784EC}.Release|x86.ActiveCfg = Release|Win32
		{0D1B86C9-1C27-4C7C-B393-06C281B784EC}.Release|x86.Build.0 = Release|Win32
	EndGlobalSection
	GlobalSection(SolutionProperties) = preSolution
		HideSolutionNode = FALSE
	EndGlobalSection
	GlobalSection(ExtensibilityGlobals) = postSolution
		SolutionGuid = {69DB22EA-8098-420A-BACB-2C8D16E56F37}
	EndGlobalSection
EndGlobal
