
Microsoft Visual Studio Solution File, Format Version 12.00
# Visual Studio Version 16
VisualStudioVersion = 16.0.35325.158
MinimumVisualStudioVersion = 10.0.40219.1
Project("{8BC9CEB8-8B4A-11D0-8D11-00A0C91BC942}") = "Lab_11.3", "Lab_11.3\Lab_11.3.vcxproj", "{F8CFF92F-03A1-43AB-AC98-4D373103190C}"
EndProject
Project("{8BC9CEB8-8B4A-11D0-8D11-00A0C91BC942}") = "UnitTest_Lab_11.3", "UnitTest_Lab_11.3\UnitTest_Lab_11.3.vcxproj", "{F87C10A5-CF52-41A5-AFB7-27EB473DA059}"
EndProject
Global
	GlobalSection(SolutionConfigurationPlatforms) = preSolution
		Debug|x64 = Debug|x64
		Debug|x86 = Debug|x86
		Release|x64 = Release|x64
		Release|x86 = Release|x86
	EndGlobalSection
	GlobalSection(ProjectConfigurationPlatforms) = postSolution
		{F8CFF92F-03A1-43AB-AC98-4D373103190C}.Debug|x64.ActiveCfg = Debug|x64
		{F8CFF92F-03A1-43AB-AC98-4D373103190C}.Debug|x64.Build.0 = Debug|x64
		{F8CFF92F-03A1-43AB-AC98-4D373103190C}.Debug|x86.ActiveCfg = Debug|Win32
		{F8CFF92F-03A1-43AB-AC98-4D373103190C}.Debug|x86.Build.0 = Debug|Win32
		{F8CFF92F-03A1-43AB-AC98-4D373103190C}.Release|x64.ActiveCfg = Release|x64
		{F8CFF92F-03A1-43AB-AC98-4D373103190C}.Release|x64.Build.0 = Release|x64
		{F8CFF92F-03A1-43AB-AC98-4D373103190C}.Release|x86.ActiveCfg = Release|Win32
		{F8CFF92F-03A1-43AB-AC98-4D373103190C}.Release|x86.Build.0 = Release|Win32
		{F87C10A5-CF52-41A5-AFB7-27EB473DA059}.Debug|x64.ActiveCfg = Debug|x64
		{F87C10A5-CF52-41A5-AFB7-27EB473DA059}.Debug|x64.Build.0 = Debug|x64
		{F87C10A5-CF52-41A5-AFB7-27EB473DA059}.Debug|x86.ActiveCfg = Debug|Win32
		{F87C10A5-CF52-41A5-AFB7-27EB473DA059}.Debug|x86.Build.0 = Debug|Win32
		{F87C10A5-CF52-41A5-AFB7-27EB473DA059}.Release|x64.ActiveCfg = Release|x64
		{F87C10A5-CF52-41A5-AFB7-27EB473DA059}.Release|x64.Build.0 = Release|x64
		{F87C10A5-CF52-41A5-AFB7-27EB473DA059}.Release|x86.ActiveCfg = Release|Win32
		{F87C10A5-CF52-41A5-AFB7-27EB473DA059}.Release|x86.Build.0 = Release|Win32
	EndGlobalSection
	GlobalSection(SolutionProperties) = preSolution
		HideSolutionNode = FALSE
	EndGlobalSection
	GlobalSection(ExtensibilityGlobals) = postSolution
		SolutionGuid = {0CD89287-047D-464D-AC5B-0811711AAD92}
	EndGlobalSection
EndGlobal
